
Microsoft Visual Studio Solution File, Format Version 12.00
# Visual Studio 15
VisualStudioVersion = 15.0.27130.2027
MinimumVisualStudioVersion = 10.0.40219.1
Project("{FAE04EC0-301F-11D3-BF4B-00C04F79EFBC}") = "CalendarPrototype", "CalendarPrototype\CalendarPrototype.csproj", "{7BAAD2FF-081D-497F-B8F7-0857DDD35B4E}"
EndProject
Global
	GlobalSection(SolutionConfigurationPlatforms) = preSolution
		Debug|Any CPU = Debug|Any CPU
		Release|Any CPU = Release|Any CPU
	EndGlobalSection
	GlobalSection(ProjectConfigurationPlatforms) = postSolution
		{7BAAD2FF-081D-497F-B8F7-0857DDD35B4E}.Debug|Any CPU.ActiveCfg = Debug|Any CPU
		{7BAAD2FF-081D-497F-B8F7-0857DDD35B4E}.Debug|Any CPU.Build.0 = Debug|Any CPU
		{7BAAD2FF-081D-497F-B8F7-0857DDD35B4E}.Release|Any CPU.ActiveCfg = Release|Any CPU
		{7BAAD2FF-081D-497F-B8F7-0857DDD35B4E}.Release|Any CPU.Build.0 = Release|Any CPU
	EndGlobalSection
	GlobalSection(SolutionProperties) = preSolution
		HideSolutionNode = FALSE
	EndGlobalSection
	GlobalSection(ExtensibilityGlobals) = postSolution
		SolutionGuid = {B2636771-0B4A-4678-9061-A54CA3E6123F}
	EndGlobalSection
EndGlobal
